
Microsoft Visual Studio Solution File, Format Version 12.00
# Visual Studio Version 17
VisualStudioVersion = 17.9.34414.90
MinimumVisualStudioVersion = 10.0.40219.1
Project("{9A19103F-16F7-4668-BE54-9A1E7A4F7556}") = "AutoLicensing", "src\FluentLicensing\AutoLicensing.csproj", "{EBDBF874-A14C-481A-916D-8F8AE6762E7B}"
EndProject
Project("{9A19103F-16F7-4668-BE54-9A1E7A4F7556}") = "AutoLicensing.Console", "src\FluentLicensing.Console\AutoLicensing.Console.csproj", "{14099930-4B34-42D7-9DD9-01073E117C53}"
EndProject
Project("{2150E333-8FDC-42A3-9474-1A3956D46DE8}") = "test", "test", "{FDC2E5C3-D58A-427F-8464-AA9FC1CEDAE0}"
EndProject
Project("{9A19103F-16F7-4668-BE54-9A1E7A4F7556}") = "AutoLicensing.Test", "test\FluentLicensing.Test\AutoLicensing.Test.csproj", "{F44944F9-3D28-411E-896A-A589413D8FBA}"
EndProject
Project("{FAE04EC0-301F-11D3-BF4B-00C04F79EFBC}") = "AutoLicensing.Extensions.DependencyInjection", "src\FluentLicensing.Extensions.DependencyInjection\AutoLicensing.Extensions.DependencyInjection.csproj", "{92E9F1BC-18E5-44CE-A403-84E364723ACE}"
EndProject
Project("{FAE04EC0-301F-11D3-BF4B-00C04F79EFBC}") = "AutoLicensing.AspNetCore", "src\FluentLicensing.AspNetCore\AutoLicensing.AspNetCore.csproj", "{1DDD8DA7-539A-4E56-9E29-F4490134E7CF}"
EndProject
Global
	GlobalSection(SolutionConfigurationPlatforms) = preSolution
		Debug|Any CPU = Debug|Any CPU
		Release|Any CPU = Release|Any CPU
	EndGlobalSection
	GlobalSection(ProjectConfigurationPlatforms) = postSolution
		{EBDBF874-A14C-481A-916D-8F8AE6762E7B}.Debug|Any CPU.ActiveCfg = Debug|Any CPU
		{EBDBF874-A14C-481A-916D-8F8AE6762E7B}.Debug|Any CPU.Build.0 = Debug|Any CPU
		{EBDBF874-A14C-481A-916D-8F8AE6762E7B}.Release|Any CPU.ActiveCfg = Release|Any CPU
		{EBDBF874-A14C-481A-916D-8F8AE6762E7B}.Release|Any CPU.Build.0 = Release|Any CPU
		{14099930-4B34-42D7-9DD9-01073E117C53}.Debug|Any CPU.ActiveCfg = Debug|Any CPU
		{14099930-4B34-42D7-9DD9-01073E117C53}.Debug|Any CPU.Build.0 = Debug|Any CPU
		{14099930-4B34-42D7-9DD9-01073E117C53}.Release|Any CPU.ActiveCfg = Release|Any CPU
		{14099930-4B34-42D7-9DD9-01073E117C53}.Release|Any CPU.Build.0 = Release|Any CPU
		{F44944F9-3D28-411E-896A-A589413D8FBA}.Debug|Any CPU.ActiveCfg = Debug|Any CPU
		{F44944F9-3D28-411E-896A-A589413D8FBA}.Debug|Any CPU.Build.0 = Debug|Any CPU
		{F44944F9-3D28-411E-896A-A589413D8FBA}.Release|Any CPU.ActiveCfg = Release|Any CPU
		{F44944F9-3D28-411E-896A-A589413D8FBA}.Release|Any CPU.Build.0 = Release|Any CPU
		{92E9F1BC-18E5-44CE-A403-84E364723ACE}.Debug|Any CPU.ActiveCfg = Debug|Any CPU
		{92E9F1BC-18E5-44CE-A403-84E364723ACE}.Debug|Any CPU.Build.0 = Debug|Any CPU
		{92E9F1BC-18E5-44CE-A403-84E364723ACE}.Release|Any CPU.ActiveCfg = Release|Any CPU
		{92E9F1BC-18E5-44CE-A403-84E364723ACE}.Release|Any CPU.Build.0 = Release|Any CPU
		{1DDD8DA7-539A-4E56-9E29-F4490134E7CF}.Debug|Any CPU.ActiveCfg = Debug|Any CPU
		{1DDD8DA7-539A-4E56-9E29-F4490134E7CF}.Debug|Any CPU.Build.0 = Debug|Any CPU
		{1DDD8DA7-539A-4E56-9E29-F4490134E7CF}.Release|Any CPU.ActiveCfg = Release|Any CPU
		{1DDD8DA7-539A-4E56-9E29-F4490134E7CF}.Release|Any CPU.Build.0 = Release|Any CPU
	EndGlobalSection
	GlobalSection(SolutionProperties) = preSolution
		HideSolutionNode = FALSE
	EndGlobalSection
	GlobalSection(NestedProjects) = preSolution
		{F44944F9-3D28-411E-896A-A589413D8FBA} = {FDC2E5C3-D58A-427F-8464-AA9FC1CEDAE0}
	EndGlobalSection
	GlobalSection(ExtensibilityGlobals) = postSolution
		SolutionGuid = {3836D3D2-73CF-4F19-90E8-143B37A98494}
	EndGlobalSection
EndGlobal
